
Microsoft Visual Studio Solution File, Format Version 12.00
# Visual Studio Version 17
VisualStudioVersion = 17.4.33213.308
MinimumVisualStudioVersion = 10.0.40219.1
Project("{2150E333-8FDC-42A3-9474-1A3956D46DE8}") = "ShopManagement", "ShopManagement", "{752D361C-1DB9-4965-A4A7-496822CAE20D}"
EndProject
Project("{2150E333-8FDC-42A3-9474-1A3956D46DE8}") = "SM.Domain", "SM.Domain", "{19BA1E83-C185-4871-97E6-36CFDB5B2E1C}"
EndProject
Project("{9A19103F-16F7-4668-BE54-9A1E7A4F7556}") = "ShopManagement.Domain", "ShopManagement.Domain\ShopManagement.Domain.csproj", "{F5A32768-EBED-47B5-ACA4-6852971F2639}"
EndProject
Project("{9A19103F-16F7-4668-BE54-9A1E7A4F7556}") = "0_FrameWork", "0_FramWork\0_FrameWork.csproj", "{6FDE9C38-E7C7-4669-9678-364FB8BD0906}"
EndProject
Project("{2150E333-8FDC-42A3-9474-1A3956D46DE8}") = "SM.Application", "SM.Application", "{A586DDDD-EACF-48B4-8F33-2BE192F39B40}"
EndProject
Project("{9A19103F-16F7-4668-BE54-9A1E7A4F7556}") = "ShopManagement.Application.Contracts", "ShopManagement.Application.Contracts\ShopManagement.Application.Contracts.csproj", "{61D800C7-C11B-4AAD-A763-BAC4774116B2}"
EndProject
Project("{9A19103F-16F7-4668-BE54-9A1E7A4F7556}") = "ShopManagement.Application", "ShopManagement.Application\ShopManagement.Application.csproj", "{96DC7145-681F-4F4E-9C37-91561767D88E}"
EndProject
Project("{2150E333-8FDC-42A3-9474-1A3956D46DE8}") = "Sm.Infrastructure", "Sm.Infrastructure", "{3F2FF17E-63B2-40E2-99EB-F56E96FF473B}"
EndProject
Project("{9A19103F-16F7-4668-BE54-9A1E7A4F7556}") = "ShopManagement.Infrastructure.EFCore", "ShopManagement.Infrastructure.EFCore\ShopManagement.Infrastructure.EFCore.csproj", "{1DA1334E-0C49-48A2-8AFA-5951DAB077C0}"
EndProject
Project("{9A19103F-16F7-4668-BE54-9A1E7A4F7556}") = "ShopManagement.Configuration", "ShopManagement.Configuration\ShopManagement.Configuration.csproj", "{720E071E-B068-4D62-9BE4-296B57E4BCCF}"
EndProject
Project("{9A19103F-16F7-4668-BE54-9A1E7A4F7556}") = "ServiceHost", "ServiceHost\ServiceHost.csproj", "{B6E7898F-13C3-4AEC-90E0-9FC40DF10A4D}"
EndProject
Project("{9A19103F-16F7-4668-BE54-9A1E7A4F7556}") = "01_LampshadeQuery", "01_LampshadeQuery\01_LampshadeQuery.csproj", "{B9B30D46-79C3-4223-BA33-A4725CC0F32B}"
EndProject
Project("{2150E333-8FDC-42A3-9474-1A3956D46DE8}") = "DiscountManagement", "DiscountManagement", "{AEDD2676-14EF-4036-B95E-E355660E7812}"
EndProject
Project("{2150E333-8FDC-42A3-9474-1A3956D46DE8}") = "DM.Domain", "DM.Domain", "{2D8CB928-EC45-4488-A372-FEE3776DB7E1}"
EndProject
Project("{9A19103F-16F7-4668-BE54-9A1E7A4F7556}") = "DiscountManagement.Domain", "DiscountManagement.Domain\DiscountManagement.Domain.csproj", "{7C6998DC-43F6-43BC-A93B-B0E2D6D3E320}"
EndProject
Project("{2150E333-8FDC-42A3-9474-1A3956D46DE8}") = "DM.Application", "DM.Application", "{88F60761-F57B-4400-B403-C1EAB5C9E432}"
EndProject
Project("{9A19103F-16F7-4668-BE54-9A1E7A4F7556}") = "DiscountManagement.Application.Contract", "DiscountManagement.Application.Contract\DiscountManagement.Application.Contract.csproj", "{5C063D09-3002-497F-A41D-827A648A249F}"
EndProject
Project("{9A19103F-16F7-4668-BE54-9A1E7A4F7556}") = "DiscountManagement.Application", "DiscountManagement.Application\DiscountManagement.Application.csproj", "{06DF8431-7415-4320-929C-943E614D1D84}"
EndProject
Project("{2150E333-8FDC-42A3-9474-1A3956D46DE8}") = "DM.Infrastructure", "DM.Infrastructure", "{A95F2411-B8C5-484F-8339-127FDE956D8A}"
EndProject
Project("{9A19103F-16F7-4668-BE54-9A1E7A4F7556}") = "DiscountManagement.Infrastructure.EFCore", "DiscountManagement.Infrastructure.EFCore\DiscountManagement.Infrastructure.EFCore.csproj", "{D857354F-D268-4A9E-BB6E-1C4C325B4CA3}"
EndProject
Project("{9A19103F-16F7-4668-BE54-9A1E7A4F7556}") = "DiscountManagement.Configuration", "DiscountManagement.Configuration\DiscountManagement.Configuration.csproj", "{79908B66-00A2-47BC-B57C-4AC59DB21DB4}"
EndProject
Project("{2150E333-8FDC-42A3-9474-1A3956D46DE8}") = "Inventory Management", "Inventory Management", "{D162CBE8-4937-426C-AC95-BDA36014513B}"
EndProject
Project("{2150E333-8FDC-42A3-9474-1A3956D46DE8}") = "IM.Domain", "IM.Domain", "{DA73DAF4-4C14-43B3-AB2C-FA9FC4707E79}"
EndProject
Project("{9A19103F-16F7-4668-BE54-9A1E7A4F7556}") = "InventoryManagement.Domain", "InventoryManagement.Domain\InventoryManagement.Domain.csproj", "{F2ED12E5-3D01-46F0-B51D-E25FB2F6082F}"
EndProject
Project("{2150E333-8FDC-42A3-9474-1A3956D46DE8}") = "IM.Application", "IM.Application", "{F71EF860-5CAF-47CC-9A47-C75981FF15D7}"
EndProject
Project("{9A19103F-16F7-4668-BE54-9A1E7A4F7556}") = "InventoryManagement.Application.Contract", "InventoryManagement.Application.Contract\InventoryManagement.Application.Contract.csproj", "{8AE9E03F-A5B6-481C-BA5C-1F700A2AEC3D}"
EndProject
Project("{2150E333-8FDC-42A3-9474-1A3956D46DE8}") = "IM.Infrastructure", "IM.Infrastructure", "{E0CEF12C-03B5-40DB-BA8B-BAC355417F20}"
EndProject
Project("{9A19103F-16F7-4668-BE54-9A1E7A4F7556}") = "InventoryMangement.Infrastructure.EFCore", "InventoryMangement.Infrastructure.EFCore\InventoryMangement.Infrastructure.EFCore.csproj", "{B4F3E713-B131-42FD-8059-0BAC0E1E6FA2}"
EndProject
Project("{9A19103F-16F7-4668-BE54-9A1E7A4F7556}") = "InventoryManagement.Application", "InventoryManagement.Application\InventoryManagement.Application.csproj", "{AE8F8E7B-248D-41F7-ABEF-4315978CC8AD}"
EndProject
Project("{2150E333-8FDC-42A3-9474-1A3956D46DE8}") = "BlogManagement", "BlogManagement", "{470E65E3-25A3-4006-982A-727F9A9F14CB}"
EndProject
Project("{2150E333-8FDC-42A3-9474-1A3956D46DE8}") = "BlogManagement.Domain", "BlogManagement.Domain", "{05584732-6B74-4957-AB61-0F4826F618D4}"
EndProject
Project("{9A19103F-16F7-4668-BE54-9A1E7A4F7556}") = "BlogManagement.Domain", "BlogManagement.Domain\BlogManagement.Domain.csproj", "{DA43A05B-CACC-4E1C-8B0D-D5D3B0DE9D37}"
EndProject
Project("{2150E333-8FDC-42A3-9474-1A3956D46DE8}") = "BlogManagement.Application", "BlogManagement.Application", "{DF856D2B-76B6-4126-BB10-5CA31FCC13F4}"
EndProject
Project("{9A19103F-16F7-4668-BE54-9A1E7A4F7556}") = "BlogManagement.Application.Contracts", "BlogManagement.Application.Contracts\BlogManagement.Application.Contracts.csproj", "{38B9B859-3A7C-4430-8926-ABC0C0A838C1}"
EndProject
Project("{9A19103F-16F7-4668-BE54-9A1E7A4F7556}") = "BlogManagement.Application", "BlogManagement.Application\BlogManagement.Application.csproj", "{6DA59EC3-E0C4-400C-9134-9F9D2289D5E9}"
EndProject
Project("{2150E333-8FDC-42A3-9474-1A3956D46DE8}") = "BlogManagement.Infrastructure", "BlogManagement.Infrastructure", "{E4A6FEE3-A7BD-49E9-80F0-3956FA760331}"
EndProject
Project("{9A19103F-16F7-4668-BE54-9A1E7A4F7556}") = "BlogManagement.Infrastructure.EFCore", "BlogManagement.Infrastructure.EFCore\BlogManagement.Infrastructure.EFCore.csproj", "{4D220CFB-4513-43C1-A090-B3E8CC7CEB4A}"
EndProject
Project("{2150E333-8FDC-42A3-9474-1A3956D46DE8}") = "AccountManagement", "AccountManagement", "{9E9C3225-2BD2-402A-8AA6-6B772D95E5CE}"
EndProject
Project("{2150E333-8FDC-42A3-9474-1A3956D46DE8}") = "AM.Application", "AM.Application", "{4E8A4ACB-F51C-484E-B235-ADD7C3FEDBBA}"
EndProject
Project("{9A19103F-16F7-4668-BE54-9A1E7A4F7556}") = "AccountManagement.Application", "AccountManagement.Application\AccountManagement.Application.csproj", "{0159E75E-ADB0-4133-93D2-F564B2FB3753}"
EndProject
Project("{9A19103F-16F7-4668-BE54-9A1E7A4F7556}") = "AccountManagement.Application.Contracts", "AccountManagement.Application.Contracts\AccountManagement.Application.Contracts.csproj", "{D9664638-9C60-477A-A21D-E95A651BBFB5}"
EndProject
Project("{2150E333-8FDC-42A3-9474-1A3956D46DE8}") = "AM.Domain", "AM.Domain", "{C41A4570-9F94-4505-9881-D3AA6205DC8A}"
EndProject
Project("{9A19103F-16F7-4668-BE54-9A1E7A4F7556}") = "AccountManagement.Domain", "AccountManagement.Domain\AccountManagement.Domain.csproj", "{BDC837E2-D586-4D1E-BAF4-C4599F7621BA}"
EndProject
Project("{2150E333-8FDC-42A3-9474-1A3956D46DE8}") = "AM.Infrastructure", "AM.Infrastructure", "{852089D3-DFDD-4D29-9549-C3E24D85718D}"
EndProject
Project("{9A19103F-16F7-4668-BE54-9A1E7A4F7556}") = "AccountMangement.Infrastructure.EFCore", "AccountMangement.Infrastructure.EFCore\AccountMangement.Infrastructure.EFCore.csproj", "{E11F28F4-B238-4D04-B610-EA7C9C745C37}"
EndProject
Project("{9A19103F-16F7-4668-BE54-9A1E7A4F7556}") = "InventoryManagement.Infrastructure.Configuration", "InventoryManagement.Infrastructure.Configuration\InventoryManagement.Infrastructure.Configuration.csproj", "{C9C6018B-9C63-4221-ABD6-F94B71B659AA}"
EndProject
Project("{9A19103F-16F7-4668-BE54-9A1E7A4F7556}") = "ShopManagement.Infrastructure.InventoryAcl", "ShopManagement.Infrastructure.InventoryAcl\ShopManagement.Infrastructure.InventoryAcl.csproj", "{4C882E4F-ADF3-4632-B543-6202C0364CF4}"
EndProject
Project("{9A19103F-16F7-4668-BE54-9A1E7A4F7556}") = "ShopManagement.Infrastructure.AccountAcl", "ShopManagement.Infrastructure.AccountAcl\ShopManagement.Infrastructure.AccountAcl.csproj", "{A242E70D-3158-4CF5-BBF7-0CE129C36DF2}"
EndProject
Project("{2150E333-8FDC-42A3-9474-1A3956D46DE8}") = "SM.Presentation", "SM.Presentation", "{4F157A21-FA5F-4F6F-81D6-2184623124B9}"
EndProject
Project("{9A19103F-16F7-4668-BE54-9A1E7A4F7556}") = "ShopManagement.Presentation.Api", "ShopManagement.Presentation.Api\ShopManagement.Presentation.Api.csproj", "{824ABCFA-EA1F-477A-BD21-9F33074390F0}"
EndProject
Project("{2150E333-8FDC-42A3-9474-1A3956D46DE8}") = "IM.Presentation", "IM.Presentation", "{24DA8413-6E2D-49BA-B46D-8868495F43A3}"
EndProject
Project("{9A19103F-16F7-4668-BE54-9A1E7A4F7556}") = "InventoryManagement.Presentation.Api", "InventoryManagement.Presentation.Api\InventoryManagement.Presentation.Api.csproj", "{335F6A28-887D-4336-B55D-CAEBC110FD96}"
EndProject
Project("{2150E333-8FDC-42A3-9474-1A3956D46DE8}") = "BlogManagement.Presentation", "BlogManagement.Presentation", "{453F998B-2F6B-43B5-A031-884AA3644FE1}"
EndProject
Project("{9A19103F-16F7-4668-BE54-9A1E7A4F7556}") = "BlogManagement.Presentation.Api", "BlogManagement.Presentation.Api\BlogManagement.Presentation.Api.csproj", "{C9B819B6-9B86-4A70-A7A9-2CAAF37EA9F4}"
EndProject
Project("{2150E333-8FDC-42A3-9474-1A3956D46DE8}") = "CommentManagement", "CommentManagement", "{D74061CA-3979-4493-9D90-E459E0175E6D}"
EndProject
Project("{2150E333-8FDC-42A3-9474-1A3956D46DE8}") = "CM.Domain", "CM.Domain", "{8DF467ED-1F8E-4727-898F-02AE5B1CBE8F}"
EndProject
Project("{FAE04EC0-301F-11D3-BF4B-00C04F79EFBC}") = "CommentManagement.Domain", "CommentManagement.Domain\CommentManagement.Domain.csproj", "{F908083B-59A8-433D-9142-55E31778F169}"
EndProject
Project("{2150E333-8FDC-42A3-9474-1A3956D46DE8}") = "CM.Application", "CM.Application", "{E3ACC422-D5B3-46B3-8952-4A636ABDB0F1}"
EndProject
Project("{FAE04EC0-301F-11D3-BF4B-00C04F79EFBC}") = "CommentManagement.Application.Contracts", "CommentManagement.Application.Contracts\CommentManagement.Application.Contracts.csproj", "{43C9C8C1-2AF6-40C5-9AA7-AE838F845AD3}"
EndProject
Project("{FAE04EC0-301F-11D3-BF4B-00C04F79EFBC}") = "CommentManagement.Application", "CommentManagement.Application\CommentManagement.Application.csproj", "{57D7D392-22EB-4B14-9DC5-7FBA3B54660B}"
EndProject
Project("{2150E333-8FDC-42A3-9474-1A3956D46DE8}") = "CM.Infrastructure", "CM.Infrastructure", "{DDE457C8-1BEF-4972-B4F6-F74D8CCC0301}"
EndProject
Project("{FAE04EC0-301F-11D3-BF4B-00C04F79EFBC}") = "CommnetManagement.Infrastructure.EFCore", "CommnetManagement.Infrastructure.EFCore\CommnetManagement.Infrastructure.EFCore.csproj", "{E763D080-7B16-4746-BCDB-1B2757EF23B7}"
EndProject
Global
	GlobalSection(SolutionConfigurationPlatforms) = preSolution
		Debug|Any CPU = Debug|Any CPU
		Release|Any CPU = Release|Any CPU
	EndGlobalSection
	GlobalSection(ProjectConfigurationPlatforms) = postSolution
		{F5A32768-EBED-47B5-ACA4-6852971F2639}.Debug|Any CPU.ActiveCfg = Debug|Any CPU
		{F5A32768-EBED-47B5-ACA4-6852971F2639}.Debug|Any CPU.Build.0 = Debug|Any CPU
		{F5A32768-EBED-47B5-ACA4-6852971F2639}.Release|Any CPU.ActiveCfg = Release|Any CPU
		{F5A32768-EBED-47B5-ACA4-6852971F2639}.Release|Any CPU.Build.0 = Release|Any CPU
		{6FDE9C38-E7C7-4669-9678-364FB8BD0906}.Debug|Any CPU.ActiveCfg = Debug|Any CPU
		{6FDE9C38-E7C7-4669-9678-364FB8BD0906}.Debug|Any CPU.Build.0 = Debug|Any CPU
		{6FDE9C38-E7C7-4669-9678-364FB8BD0906}.Release|Any CPU.ActiveCfg = Release|Any CPU
		{6FDE9C38-E7C7-4669-9678-364FB8BD0906}.Release|Any CPU.Build.0 = Release|Any CPU
		{61D800C7-C11B-4AAD-A763-BAC4774116B2}.Debug|Any CPU.ActiveCfg = Debug|Any CPU
		{61D800C7-C11B-4AAD-A763-BAC4774116B2}.Debug|Any CPU.Build.0 = Debug|Any CPU
		{61D800C7-C11B-4AAD-A763-BAC4774116B2}.Release|Any CPU.ActiveCfg = Release|Any CPU
		{61D800C7-C11B-4AAD-A763-BAC4774116B2}.Release|Any CPU.Build.0 = Release|Any CPU
		{96DC7145-681F-4F4E-9C37-91561767D88E}.Debug|Any CPU.ActiveCfg = Debug|Any CPU
		{96DC7145-681F-4F4E-9C37-91561767D88E}.Debug|Any CPU.Build.0 = Debug|Any CPU
		{96DC7145-681F-4F4E-9C37-91561767D88E}.Release|Any CPU.ActiveCfg = Release|Any CPU
		{96DC7145-681F-4F4E-9C37-91561767D88E}.Release|Any CPU.Build.0 = Release|Any CPU
		{1DA1334E-0C49-48A2-8AFA-5951DAB077C0}.Debug|Any CPU.ActiveCfg = Debug|Any CPU
		{1DA1334E-0C49-48A2-8AFA-5951DAB077C0}.Debug|Any CPU.Build.0 = Debug|Any CPU
		{1DA1334E-0C49-48A2-8AFA-5951DAB077C0}.Release|Any CPU.ActiveCfg = Release|Any CPU
		{1DA1334E-0C49-48A2-8AFA-5951DAB077C0}.Release|Any CPU.Build.0 = Release|Any CPU
		{720E071E-B068-4D62-9BE4-296B57E4BCCF}.Debug|Any CPU.ActiveCfg = Debug|Any CPU
		{720E071E-B068-4D62-9BE4-296B57E4BCCF}.Debug|Any CPU.Build.0 = Debug|Any CPU
		{720E071E-B068-4D62-9BE4-296B57E4BCCF}.Release|Any CPU.ActiveCfg = Release|Any CPU
		{720E071E-B068-4D62-9BE4-296B57E4BCCF}.Release|Any CPU.Build.0 = Release|Any CPU
		{B6E7898F-13C3-4AEC-90E0-9FC40DF10A4D}.Debug|Any CPU.ActiveCfg = Debug|Any CPU
		{B6E7898F-13C3-4AEC-90E0-9FC40DF10A4D}.Debug|Any CPU.Build.0 = Debug|Any CPU
		{B6E7898F-13C3-4AEC-90E0-9FC40DF10A4D}.Release|Any CPU.ActiveCfg = Release|Any CPU
		{B6E7898F-13C3-4AEC-90E0-9FC40DF10A4D}.Release|Any CPU.Build.0 = Release|Any CPU
		{B9B30D46-79C3-4223-BA33-A4725CC0F32B}.Debug|Any CPU.ActiveCfg = Debug|Any CPU
		{B9B30D46-79C3-4223-BA33-A4725CC0F32B}.Debug|Any CPU.Build.0 = Debug|Any CPU
		{B9B30D46-79C3-4223-BA33-A4725CC0F32B}.Release|Any CPU.ActiveCfg = Release|Any CPU
		{B9B30D46-79C3-4223-BA33-A4725CC0F32B}.Release|Any CPU.Build.0 = Release|Any CPU
		{7C6998DC-43F6-43BC-A93B-B0E2D6D3E320}.Debug|Any CPU.ActiveCfg = Debug|Any CPU
		{7C6998DC-43F6-43BC-A93B-B0E2D6D3E320}.Debug|Any CPU.Build.0 = Debug|Any CPU
		{7C6998DC-43F6-43BC-A93B-B0E2D6D3E320}.Release|Any CPU.ActiveCfg = Release|Any CPU
		{7C6998DC-43F6-43BC-A93B-B0E2D6D3E320}.Release|Any CPU.Build.0 = Release|Any CPU
		{5C063D09-3002-497F-A41D-827A648A249F}.Debug|Any CPU.ActiveCfg = Debug|Any CPU
		{5C063D09-3002-497F-A41D-827A648A249F}.Debug|Any CPU.Build.0 = Debug|Any CPU
		{5C063D09-3002-497F-A41D-827A648A249F}.Release|Any CPU.ActiveCfg = Release|Any CPU
		{5C063D09-3002-497F-A41D-827A648A249F}.Release|Any CPU.Build.0 = Release|Any CPU
		{06DF8431-7415-4320-929C-943E614D1D84}.Debug|Any CPU.ActiveCfg = Debug|Any CPU
		{06DF8431-7415-4320-929C-943E614D1D84}.Debug|Any CPU.Build.0 = Debug|Any CPU
		{06DF8431-7415-4320-929C-943E614D1D84}.Release|Any CPU.ActiveCfg = Release|Any CPU
		{06DF8431-7415-4320-929C-943E614D1D84}.Release|Any CPU.Build.0 = Release|Any CPU
		{D857354F-D268-4A9E-BB6E-1C4C325B4CA3}.Debug|Any CPU.ActiveCfg = Debug|Any CPU
		{D857354F-D268-4A9E-BB6E-1C4C325B4CA3}.Debug|Any CPU.Build.0 = Debug|Any CPU
		{D857354F-D268-4A9E-BB6E-1C4C325B4CA3}.Release|Any CPU.ActiveCfg = Release|Any CPU
		{D857354F-D268-4A9E-BB6E-1C4C325B4CA3}.Release|Any CPU.Build.0 = Release|Any CPU
		{79908B66-00A2-47BC-B57C-4AC59DB21DB4}.Debug|Any CPU.ActiveCfg = Debug|Any CPU
		{79908B66-00A2-47BC-B57C-4AC59DB21DB4}.Debug|Any CPU.Build.0 = Debug|Any CPU
		{79908B66-00A2-47BC-B57C-4AC59DB21DB4}.Release|Any CPU.ActiveCfg = Release|Any CPU
		{79908B66-00A2-47BC-B57C-4AC59DB21DB4}.Release|Any CPU.Build.0 = Release|Any CPU
		{F2ED12E5-3D01-46F0-B51D-E25FB2F6082F}.Debug|Any CPU.ActiveCfg = Debug|Any CPU
		{F2ED12E5-3D01-46F0-B51D-E25FB2F6082F}.Debug|Any CPU.Build.0 = Debug|Any CPU
		{F2ED12E5-3D01-46F0-B51D-E25FB2F6082F}.Release|Any CPU.ActiveCfg = Release|Any CPU
		{F2ED12E5-3D01-46F0-B51D-E25FB2F6082F}.Release|Any CPU.Build.0 = Release|Any CPU
		{8AE9E03F-A5B6-481C-BA5C-1F700A2AEC3D}.Debug|Any CPU.ActiveCfg = Debug|Any CPU
		{8AE9E03F-A5B6-481C-BA5C-1F700A2AEC3D}.Debug|Any CPU.Build.0 = Debug|Any CPU
		{8AE9E03F-A5B6-481C-BA5C-1F700A2AEC3D}.Release|Any CPU.ActiveCfg = Release|Any CPU
		{8AE9E03F-A5B6-481C-BA5C-1F700A2AEC3D}.Release|Any CPU.Build.0 = Release|Any CPU
		{B4F3E713-B131-42FD-8059-0BAC0E1E6FA2}.Debug|Any CPU.ActiveCfg = Debug|Any CPU
		{B4F3E713-B131-42FD-8059-0BAC0E1E6FA2}.Debug|Any CPU.Build.0 = Debug|Any CPU
		{B4F3E713-B131-42FD-8059-0BAC0E1E6FA2}.Release|Any CPU.ActiveCfg = Release|Any CPU
		{B4F3E713-B131-42FD-8059-0BAC0E1E6FA2}.Release|Any CPU.Build.0 = Release|Any CPU
		{AE8F8E7B-248D-41F7-ABEF-4315978CC8AD}.Debug|Any CPU.ActiveCfg = Debug|Any CPU
		{AE8F8E7B-248D-41F7-ABEF-4315978CC8AD}.Debug|Any CPU.Build.0 = Debug|Any CPU
		{AE8F8E7B-248D-41F7-ABEF-4315978CC8AD}.Release|Any CPU.ActiveCfg = Release|Any CPU
		{AE8F8E7B-248D-41F7-ABEF-4315978CC8AD}.Release|Any CPU.Build.0 = Release|Any CPU
		{DA43A05B-CACC-4E1C-8B0D-D5D3B0DE9D37}.Debug|Any CPU.ActiveCfg = Debug|Any CPU
		{DA43A05B-CACC-4E1C-8B0D-D5D3B0DE9D37}.Debug|Any CPU.Build.0 = Debug|Any CPU
		{DA43A05B-CACC-4E1C-8B0D-D5D3B0DE9D37}.Release|Any CPU.ActiveCfg = Release|Any CPU
		{DA43A05B-CACC-4E1C-8B0D-D5D3B0DE9D37}.Release|Any CPU.Build.0 = Release|Any CPU
		{38B9B859-3A7C-4430-8926-ABC0C0A838C1}.Debug|Any CPU.ActiveCfg = Debug|Any CPU
		{38B9B859-3A7C-4430-8926-ABC0C0A838C1}.Debug|Any CPU.Build.0 = Debug|Any CPU
		{38B9B859-3A7C-4430-8926-ABC0C0A838C1}.Release|Any CPU.ActiveCfg = Release|Any CPU
		{38B9B859-3A7C-4430-8926-ABC0C0A838C1}.Release|Any CPU.Build.0 = Release|Any CPU
		{6DA59EC3-E0C4-400C-9134-9F9D2289D5E9}.Debug|Any CPU.ActiveCfg = Debug|Any CPU
		{6DA59EC3-E0C4-400C-9134-9F9D2289D5E9}.Debug|Any CPU.Build.0 = Debug|Any CPU
		{6DA59EC3-E0C4-400C-9134-9F9D2289D5E9}.Release|Any CPU.ActiveCfg = Release|Any CPU
		{6DA59EC3-E0C4-400C-9134-9F9D2289D5E9}.Release|Any CPU.Build.0 = Release|Any CPU
		{4D220CFB-4513-43C1-A090-B3E8CC7CEB4A}.Debug|Any CPU.ActiveCfg = Debug|Any CPU
		{4D220CFB-4513-43C1-A090-B3E8CC7CEB4A}.Debug|Any CPU.Build.0 = Debug|Any CPU
		{4D220CFB-4513-43C1-A090-B3E8CC7CEB4A}.Release|Any CPU.ActiveCfg = Release|Any CPU
		{4D220CFB-4513-43C1-A090-B3E8CC7CEB4A}.Release|Any CPU.Build.0 = Release|Any CPU
		{0159E75E-ADB0-4133-93D2-F564B2FB3753}.Debug|Any CPU.ActiveCfg = Debug|Any CPU
		{0159E75E-ADB0-4133-93D2-F564B2FB3753}.Debug|Any CPU.Build.0 = Debug|Any CPU
		{0159E75E-ADB0-4133-93D2-F564B2FB3753}.Release|Any CPU.ActiveCfg = Release|Any CPU
		{0159E75E-ADB0-4133-93D2-F564B2FB3753}.Release|Any CPU.Build.0 = Release|Any CPU
		{D9664638-9C60-477A-A21D-E95A651BBFB5}.Debug|Any CPU.ActiveCfg = Debug|Any CPU
		{D9664638-9C60-477A-A21D-E95A651BBFB5}.Debug|Any CPU.Build.0 = Debug|Any CPU
		{D9664638-9C60-477A-A21D-E95A651BBFB5}.Release|Any CPU.ActiveCfg = Release|Any CPU
		{D9664638-9C60-477A-A21D-E95A651BBFB5}.Release|Any CPU.Build.0 = Release|Any CPU
		{BDC837E2-D586-4D1E-BAF4-C4599F7621BA}.Debug|Any CPU.ActiveCfg = Debug|Any CPU
		{BDC837E2-D586-4D1E-BAF4-C4599F7621BA}.Debug|Any CPU.Build.0 = Debug|Any CPU
		{BDC837E2-D586-4D1E-BAF4-C4599F7621BA}.Release|Any CPU.ActiveCfg = Release|Any CPU
		{BDC837E2-D586-4D1E-BAF4-C4599F7621BA}.Release|Any CPU.Build.0 = Release|Any CPU
		{E11F28F4-B238-4D04-B610-EA7C9C745C37}.Debug|Any CPU.ActiveCfg = Debug|Any CPU
		{E11F28F4-B238-4D04-B610-EA7C9C745C37}.Debug|Any CPU.Build.0 = Debug|Any CPU
		{E11F28F4-B238-4D04-B610-EA7C9C745C37}.Release|Any CPU.ActiveCfg = Release|Any CPU
		{E11F28F4-B238-4D04-B610-EA7C9C745C37}.Release|Any CPU.Build.0 = Release|Any CPU
		{C9C6018B-9C63-4221-ABD6-F94B71B659AA}.Debug|Any CPU.ActiveCfg = Debug|Any CPU
		{C9C6018B-9C63-4221-ABD6-F94B71B659AA}.Debug|Any CPU.Build.0 = Debug|Any CPU
		{C9C6018B-9C63-4221-ABD6-F94B71B659AA}.Release|Any CPU.ActiveCfg = Release|Any CPU
		{C9C6018B-9C63-4221-ABD6-F94B71B659AA}.Release|Any CPU.Build.0 = Release|Any CPU
		{4C882E4F-ADF3-4632-B543-6202C0364CF4}.Debug|Any CPU.ActiveCfg = Debug|Any CPU
		{4C882E4F-ADF3-4632-B543-6202C0364CF4}.Debug|Any CPU.Build.0 = Debug|Any CPU
		{4C882E4F-ADF3-4632-B543-6202C0364CF4}.Release|Any CPU.ActiveCfg = Release|Any CPU
		{4C882E4F-ADF3-4632-B543-6202C0364CF4}.Release|Any CPU.Build.0 = Release|Any CPU
		{A242E70D-3158-4CF5-BBF7-0CE129C36DF2}.Debug|Any CPU.ActiveCfg = Debug|Any CPU
		{A242E70D-3158-4CF5-BBF7-0CE129C36DF2}.Debug|Any CPU.Build.0 = Debug|Any CPU
		{A242E70D-3158-4CF5-BBF7-0CE129C36DF2}.Release|Any CPU.ActiveCfg = Release|Any CPU
		{A242E70D-3158-4CF5-BBF7-0CE129C36DF2}.Release|Any CPU.Build.0 = Release|Any CPU
		{824ABCFA-EA1F-477A-BD21-9F33074390F0}.Debug|Any CPU.ActiveCfg = Debug|Any CPU
		{824ABCFA-EA1F-477A-BD21-9F33074390F0}.Debug|Any CPU.Build.0 = Debug|Any CPU
		{824ABCFA-EA1F-477A-BD21-9F33074390F0}.Release|Any CPU.ActiveCfg = Release|Any CPU
		{824ABCFA-EA1F-477A-BD21-9F33074390F0}.Release|Any CPU.Build.0 = Release|Any CPU
		{335F6A28-887D-4336-B55D-CAEBC110FD96}.Debug|Any CPU.ActiveCfg = Debug|Any CPU
		{335F6A28-887D-4336-B55D-CAEBC110FD96}.Debug|Any CPU.Build.0 = Debug|Any CPU
		{335F6A28-887D-4336-B55D-CAEBC110FD96}.Release|Any CPU.ActiveCfg = Release|Any CPU
		{335F6A28-887D-4336-B55D-CAEBC110FD96}.Release|Any CPU.Build.0 = Release|Any CPU
		{C9B819B6-9B86-4A70-A7A9-2CAAF37EA9F4}.Debug|Any CPU.ActiveCfg = Debug|Any CPU
		{C9B819B6-9B86-4A70-A7A9-2CAAF37EA9F4}.Debug|Any CPU.Build.0 = Debug|Any CPU
		{C9B819B6-9B86-4A70-A7A9-2CAAF37EA9F4}.Release|Any CPU.ActiveCfg = Release|Any CPU
		{C9B819B6-9B86-4A70-A7A9-2CAAF37EA9F4}.Release|Any CPU.Build.0 = Release|Any CPU
		{F908083B-59A8-433D-9142-55E31778F169}.Debug|Any CPU.ActiveCfg = Debug|Any CPU
		{F908083B-59A8-433D-9142-55E31778F169}.Debug|Any CPU.Build.0 = Debug|Any CPU
		{F908083B-59A8-433D-9142-55E31778F169}.Release|Any CPU.ActiveCfg = Release|Any CPU
		{F908083B-59A8-433D-9142-55E31778F169}.Release|Any CPU.Build.0 = Release|Any CPU
		{43C9C8C1-2AF6-40C5-9AA7-AE838F845AD3}.Debug|Any CPU.ActiveCfg = Debug|Any CPU
		{43C9C8C1-2AF6-40C5-9AA7-AE838F845AD3}.Debug|Any CPU.Build.0 = Debug|Any CPU
		{43C9C8C1-2AF6-40C5-9AA7-AE838F845AD3}.Release|Any CPU.ActiveCfg = Release|Any CPU
		{43C9C8C1-2AF6-40C5-9AA7-AE838F845AD3}.Release|Any CPU.Build.0 = Release|Any CPU
		{57D7D392-22EB-4B14-9DC5-7FBA3B54660B}.Debug|Any CPU.ActiveCfg = Debug|Any CPU
		{57D7D392-22EB-4B14-9DC5-7FBA3B54660B}.Debug|Any CPU.Build.0 = Debug|Any CPU
		{57D7D392-22EB-4B14-9DC5-7FBA3B54660B}.Release|Any CPU.ActiveCfg = Release|Any CPU
		{57D7D392-22EB-4B14-9DC5-7FBA3B54660B}.Release|Any CPU.Build.0 = Release|Any CPU
		{E763D080-7B16-4746-BCDB-1B2757EF23B7}.Debug|Any CPU.ActiveCfg = Debug|Any CPU
		{E763D080-7B16-4746-BCDB-1B2757EF23B7}.Debug|Any CPU.Build.0 = Debug|Any CPU
		{E763D080-7B16-4746-BCDB-1B2757EF23B7}.Release|Any CPU.ActiveCfg = Release|Any CPU
		{E763D080-7B16-4746-BCDB-1B2757EF23B7}.Release|Any CPU.Build.0 = Release|Any CPU
	EndGlobalSection
	GlobalSection(SolutionProperties) = preSolution
		HideSolutionNode = FALSE
	EndGlobalSection
	GlobalSection(NestedProjects) = preSolution
		{19BA1E83-C185-4871-97E6-36CFDB5B2E1C} = {752D361C-1DB9-4965-A4A7-496822CAE20D}
		{F5A32768-EBED-47B5-ACA4-6852971F2639} = {19BA1E83-C185-4871-97E6-36CFDB5B2E1C}
		{A586DDDD-EACF-48B4-8F33-2BE192F39B40} = {752D361C-1DB9-4965-A4A7-496822CAE20D}
		{61D800C7-C11B-4AAD-A763-BAC4774116B2} = {A586DDDD-EACF-48B4-8F33-2BE192F39B40}
		{96DC7145-681F-4F4E-9C37-91561767D88E} = {A586DDDD-EACF-48B4-8F33-2BE192F39B40}
		{3F2FF17E-63B2-40E2-99EB-F56E96FF473B} = {752D361C-1DB9-4965-A4A7-496822CAE20D}
		{1DA1334E-0C49-48A2-8AFA-5951DAB077C0} = {3F2FF17E-63B2-40E2-99EB-F56E96FF473B}
		{720E071E-B068-4D62-9BE4-296B57E4BCCF} = {3F2FF17E-63B2-40E2-99EB-F56E96FF473B}
		{2D8CB928-EC45-4488-A372-FEE3776DB7E1} = {AEDD2676-14EF-4036-B95E-E355660E7812}
		{7C6998DC-43F6-43BC-A93B-B0E2D6D3E320} = {2D8CB928-EC45-4488-A372-FEE3776DB7E1}
		{88F60761-F57B-4400-B403-C1EAB5C9E432} = {AEDD2676-14EF-4036-B95E-E355660E7812}
		{5C063D09-3002-497F-A41D-827A648A249F} = {88F60761-F57B-4400-B403-C1EAB5C9E432}
		{06DF8431-7415-4320-929C-943E614D1D84} = {88F60761-F57B-4400-B403-C1EAB5C9E432}
		{A95F2411-B8C5-484F-8339-127FDE956D8A} = {AEDD2676-14EF-4036-B95E-E355660E7812}
		{D857354F-D268-4A9E-BB6E-1C4C325B4CA3} = {A95F2411-B8C5-484F-8339-127FDE956D8A}
		{79908B66-00A2-47BC-B57C-4AC59DB21DB4} = {A95F2411-B8C5-484F-8339-127FDE956D8A}
		{DA73DAF4-4C14-43B3-AB2C-FA9FC4707E79} = {D162CBE8-4937-426C-AC95-BDA36014513B}
		{F2ED12E5-3D01-46F0-B51D-E25FB2F6082F} = {DA73DAF4-4C14-43B3-AB2C-FA9FC4707E79}
		{F71EF860-5CAF-47CC-9A47-C75981FF15D7} = {D162CBE8-4937-426C-AC95-BDA36014513B}
		{8AE9E03F-A5B6-481C-BA5C-1F700A2AEC3D} = {F71EF860-5CAF-47CC-9A47-C75981FF15D7}
		{E0CEF12C-03B5-40DB-BA8B-BAC355417F20} = {D162CBE8-4937-426C-AC95-BDA36014513B}
		{B4F3E713-B131-42FD-8059-0BAC0E1E6FA2} = {E0CEF12C-03B5-40DB-BA8B-BAC355417F20}
		{AE8F8E7B-248D-41F7-ABEF-4315978CC8AD} = {F71EF860-5CAF-47CC-9A47-C75981FF15D7}
		{05584732-6B74-4957-AB61-0F4826F618D4} = {470E65E3-25A3-4006-982A-727F9A9F14CB}
		{DA43A05B-CACC-4E1C-8B0D-D5D3B0DE9D37} = {05584732-6B74-4957-AB61-0F4826F618D4}
		{DF856D2B-76B6-4126-BB10-5CA31FCC13F4} = {470E65E3-25A3-4006-982A-727F9A9F14CB}
		{38B9B859-3A7C-4430-8926-ABC0C0A838C1} = {DF856D2B-76B6-4126-BB10-5CA31FCC13F4}
		{6DA59EC3-E0C4-400C-9134-9F9D2289D5E9} = {DF856D2B-76B6-4126-BB10-5CA31FCC13F4}
		{E4A6FEE3-A7BD-49E9-80F0-3956FA760331} = {470E65E3-25A3-4006-982A-727F9A9F14CB}
		{4D220CFB-4513-43C1-A090-B3E8CC7CEB4A} = {E4A6FEE3-A7BD-49E9-80F0-3956FA760331}
		{4E8A4ACB-F51C-484E-B235-ADD7C3FEDBBA} = {9E9C3225-2BD2-402A-8AA6-6B772D95E5CE}
		{0159E75E-ADB0-4133-93D2-F564B2FB3753} = {4E8A4ACB-F51C-484E-B235-ADD7C3FEDBBA}
		{D9664638-9C60-477A-A21D-E95A651BBFB5} = {4E8A4ACB-F51C-484E-B235-ADD7C3FEDBBA}
		{C41A4570-9F94-4505-9881-D3AA6205DC8A} = {9E9C3225-2BD2-402A-8AA6-6B772D95E5CE}
		{BDC837E2-D586-4D1E-BAF4-C4599F7621BA} = {C41A4570-9F94-4505-9881-D3AA6205DC8A}
		{852089D3-DFDD-4D29-9549-C3E24D85718D} = {9E9C3225-2BD2-402A-8AA6-6B772D95E5CE}
		{E11F28F4-B238-4D04-B610-EA7C9C745C37} = {852089D3-DFDD-4D29-9549-C3E24D85718D}
		{C9C6018B-9C63-4221-ABD6-F94B71B659AA} = {E0CEF12C-03B5-40DB-BA8B-BAC355417F20}
		{4C882E4F-ADF3-4632-B543-6202C0364CF4} = {3F2FF17E-63B2-40E2-99EB-F56E96FF473B}
		{A242E70D-3158-4CF5-BBF7-0CE129C36DF2} = {3F2FF17E-63B2-40E2-99EB-F56E96FF473B}
		{4F157A21-FA5F-4F6F-81D6-2184623124B9} = {752D361C-1DB9-4965-A4A7-496822CAE20D}
		{824ABCFA-EA1F-477A-BD21-9F33074390F0} = {4F157A21-FA5F-4F6F-81D6-2184623124B9}
		{24DA8413-6E2D-49BA-B46D-8868495F43A3} = {D162CBE8-4937-426C-AC95-BDA36014513B}
		{335F6A28-887D-4336-B55D-CAEBC110FD96} = {24DA8413-6E2D-49BA-B46D-8868495F43A3}
		{453F998B-2F6B-43B5-A031-884AA3644FE1} = {470E65E3-25A3-4006-982A-727F9A9F14CB}
		{C9B819B6-9B86-4A70-A7A9-2CAAF37EA9F4} = {453F998B-2F6B-43B5-A031-884AA3644FE1}
		{8DF467ED-1F8E-4727-898F-02AE5B1CBE8F} = {D74061CA-3979-4493-9D90-E459E0175E6D}
		{F908083B-59A8-433D-9142-55E31778F169} = {8DF467ED-1F8E-4727-898F-02AE5B1CBE8F}
		{E3ACC422-D5B3-46B3-8952-4A636ABDB0F1} = {D74061CA-3979-4493-9D90-E459E0175E6D}
		{43C9C8C1-2AF6-40C5-9AA7-AE838F845AD3} = {E3ACC422-D5B3-46B3-8952-4A636ABDB0F1}
		{57D7D392-22EB-4B14-9DC5-7FBA3B54660B} = {E3ACC422-D5B3-46B3-8952-4A636ABDB0F1}
		{DDE457C8-1BEF-4972-B4F6-F74D8CCC0301} = {D74061CA-3979-4493-9D90-E459E0175E6D}
		{E763D080-7B16-4746-BCDB-1B2757EF23B7} = {DDE457C8-1BEF-4972-B4F6-F74D8CCC0301}
	EndGlobalSection
	GlobalSection(ExtensibilityGlobals) = postSolution
		SolutionGuid = {BA4E9C78-F697-4E71-B942-B1BBE5A611F8}
	EndGlobalSection
EndGlobal
